
Microsoft Visual Studio Solution File, Format Version 12.00
# Visual Studio Version 17
VisualStudioVersion = 17.14.36511.14 d17.14
MinimumVisualStudioVersion = 10.0.40219.1
Project("{2150E333-8FDC-42A3-9474-1A3956D46DE8}") = "src", "src", "{02EA681E-C7D8-13C7-8484-4AC65E1B71E8}"
EndProject
Project("{FAE04EC0-301F-11D3-BF4B-00C04F79EFBC}") = "Ecom.Core", "Ecom.Core\Ecom.Core.csproj", "{22FEFE99-1DDC-4BBD-A422-0654B4A16BF2}"
EndProject
Project("{FAE04EC0-301F-11D3-BF4B-00C04F79EFBC}") = "Ecom.infrastructure", "Ecom.infrastructure\Ecom.infrastructure.csproj", "{F65D4734-D90A-48C5-B308-12718434B9A7}"
EndProject
Project("{FAE04EC0-301F-11D3-BF4B-00C04F79EFBC}") = "Ecom.API", "Ecom.API\Ecom.API.csproj", "{53C115A2-2055-4568-9B23-0ED826E69EB7}"
EndProject
Global
	GlobalSection(SolutionConfigurationPlatforms) = preSolution
		Debug|Any CPU = Debug|Any CPU
		Release|Any CPU = Release|Any CPU
	EndGlobalSection
	GlobalSection(ProjectConfigurationPlatforms) = postSolution
		{22FEFE99-1DDC-4BBD-A422-0654B4A16BF2}.Debug|Any CPU.ActiveCfg = Debug|Any CPU
		{22FEFE99-1DDC-4BBD-A422-0654B4A16BF2}.Debug|Any CPU.Build.0 = Debug|Any CPU
		{22FEFE99-1DDC-4BBD-A422-0654B4A16BF2}.Release|Any CPU.ActiveCfg = Release|Any CPU
		{22FEFE99-1DDC-4BBD-A422-0654B4A16BF2}.Release|Any CPU.Build.0 = Release|Any CPU
		{F65D4734-D90A-48C5-B308-12718434B9A7}.Debug|Any CPU.ActiveCfg = Debug|Any CPU
		{F65D4734-D90A-48C5-B308-12718434B9A7}.Debug|Any CPU.Build.0 = Debug|Any CPU
		{F65D4734-D90A-48C5-B308-12718434B9A7}.Release|Any CPU.ActiveCfg = Release|Any CPU
		{F65D4734-D90A-48C5-B308-12718434B9A7}.Release|Any CPU.Build.0 = Release|Any CPU
		{53C115A2-2055-4568-9B23-0ED826E69EB7}.Debug|Any CPU.ActiveCfg = Debug|Any CPU
		{53C115A2-2055-4568-9B23-0ED826E69EB7}.Debug|Any CPU.Build.0 = Debug|Any CPU
		{53C115A2-2055-4568-9B23-0ED826E69EB7}.Release|Any CPU.ActiveCfg = Release|Any CPU
		{53C115A2-2055-4568-9B23-0ED826E69EB7}.Release|Any CPU.Build.0 = Release|Any CPU
	EndGlobalSection
	GlobalSection(SolutionProperties) = preSolution
		HideSolutionNode = FALSE
	EndGlobalSection
	GlobalSection(NestedProjects) = preSolution
		{22FEFE99-1DDC-4BBD-A422-0654B4A16BF2} = {02EA681E-C7D8-13C7-8484-4AC65E1B71E8}
		{F65D4734-D90A-48C5-B308-12718434B9A7} = {02EA681E-C7D8-13C7-8484-4AC65E1B71E8}
		{53C115A2-2055-4568-9B23-0ED826E69EB7} = {02EA681E-C7D8-13C7-8484-4AC65E1B71E8}
	EndGlobalSection
	GlobalSection(ExtensibilityGlobals) = postSolution
		SolutionGuid = {35FD4DB3-8AB5-457C-93AD-6EFFC0BEFE6B}
	EndGlobalSection
EndGlobal
